
Microsoft Visual Studio Solution File, Format Version 12.00
# Visual Studio Version 16
VisualStudioVersion = 16.0.30907.101
MinimumVisualStudioVersion = 10.0.40219.1
Project("{FAE04EC0-301F-11D3-BF4B-00C04F79EFBC}") = "Business", "Business\Business.csproj", "{4648FB9F-18AE-46D5-9863-91FA618FAC5F}"
EndProject
Project("{FAE04EC0-301F-11D3-BF4B-00C04F79EFBC}") = "Entities", "Entities\Entities.csproj", "{89798186-A21F-4E8D-B71F-0DEA45B3E62D}"
EndProject
Project("{FAE04EC0-301F-11D3-BF4B-00C04F79EFBC}") = "DataAccess", "DataAccess\DataAccess.csproj", "{11BE234D-786B-42F9-8B55-FF9FDF331037}"
EndProject
Project("{FAE04EC0-301F-11D3-BF4B-00C04F79EFBC}") = "ConsoleUI", "ConsoleUI\ConsoleUI.csproj", "{E6029CF5-3D7F-49BF-9821-1F71FA9E9152}"
EndProject
Global
	GlobalSection(SolutionConfigurationPlatforms) = preSolution
		Debug|Any CPU = Debug|Any CPU
		Release|Any CPU = Release|Any CPU
	EndGlobalSection
	GlobalSection(ProjectConfigurationPlatforms) = postSolution
		{4648FB9F-18AE-46D5-9863-91FA618FAC5F}.Debug|Any CPU.ActiveCfg = Debug|Any CPU
		{4648FB9F-18AE-46D5-9863-91FA618FAC5F}.Debug|Any CPU.Build.0 = Debug|Any CPU
		{4648FB9F-18AE-46D5-9863-91FA618FAC5F}.Release|Any CPU.ActiveCfg = Release|Any CPU
		{4648FB9F-18AE-46D5-9863-91FA618FAC5F}.Release|Any CPU.Build.0 = Release|Any CPU
		{89798186-A21F-4E8D-B71F-0DEA45B3E62D}.Debug|Any CPU.ActiveCfg = Debug|Any CPU
		{89798186-A21F-4E8D-B71F-0DEA45B3E62D}.Debug|Any CPU.Build.0 = Debug|Any CPU
		{89798186-A21F-4E8D-B71F-0DEA45B3E62D}.Release|Any CPU.ActiveCfg = Release|Any CPU
		{89798186-A21F-4E8D-B71F-0DEA45B3E62D}.Release|Any CPU.Build.0 = Release|Any CPU
		{11BE234D-786B-42F9-8B55-FF9FDF331037}.Debug|Any CPU.ActiveCfg = Debug|Any CPU
		{11BE234D-786B-42F9-8B55-FF9FDF331037}.Debug|Any CPU.Build.0 = Debug|Any CPU
		{11BE234D-786B-42F9-8B55-FF9FDF331037}.Release|Any CPU.ActiveCfg = Release|Any CPU
		{11BE234D-786B-42F9-8B55-FF9FDF331037}.Release|Any CPU.Build.0 = Release|Any CPU
		{E6029CF5-3D7F-49BF-9821-1F71FA9E9152}.Debug|Any CPU.ActiveCfg = Debug|Any CPU
		{E6029CF5-3D7F-49BF-9821-1F71FA9E9152}.Debug|Any CPU.Build.0 = Debug|Any CPU
		{E6029CF5-3D7F-49BF-9821-1F71FA9E9152}.Release|Any CPU.ActiveCfg = Release|Any CPU
		{E6029CF5-3D7F-49BF-9821-1F71FA9E9152}.Release|Any CPU.Build.0 = Release|Any CPU
	EndGlobalSection
	GlobalSection(SolutionProperties) = preSolution
		HideSolutionNode = FALSE
	EndGlobalSection
	GlobalSection(ExtensibilityGlobals) = postSolution
		SolutionGuid = {BBA8B168-826E-4446-8F2B-B0BEEAECD8F0}
	EndGlobalSection
EndGlobal
